
Microsoft Visual Studio Solution File, Format Version 12.00
# Visual Studio Version 17
VisualStudioVersion = 17.3.32825.248
MinimumVisualStudioVersion = 10.0.40219.1
Project("{FAE04EC0-301F-11D3-BF4B-00C04F79EFBC}") = "Labb 2 - Objektorienterad programmering", "Labb 2 - Objektorienterad programmering\Labb 2 - Objektorienterad programmering.csproj", "{E6DBFCC3-6B50-47B5-B6D0-75DB09A9DC38}"
EndProject
Global
	GlobalSection(SolutionConfigurationPlatforms) = preSolution
		Debug|Any CPU = Debug|Any CPU
		Release|Any CPU = Release|Any CPU
	EndGlobalSection
	GlobalSection(ProjectConfigurationPlatforms) = postSolution
		{E6DBFCC3-6B50-47B5-B6D0-75DB09A9DC38}.Debug|Any CPU.ActiveCfg = Debug|Any CPU
		{E6DBFCC3-6B50-47B5-B6D0-75DB09A9DC38}.Debug|Any CPU.Build.0 = Debug|Any CPU
		{E6DBFCC3-6B50-47B5-B6D0-75DB09A9DC38}.Release|Any CPU.ActiveCfg = Release|Any CPU
		{E6DBFCC3-6B50-47B5-B6D0-75DB09A9DC38}.Release|Any CPU.Build.0 = Release|Any CPU
	EndGlobalSection
	GlobalSection(SolutionProperties) = preSolution
		HideSolutionNode = FALSE
	EndGlobalSection
	GlobalSection(ExtensibilityGlobals) = postSolution
		SolutionGuid = {B945C257-16C6-4DF6-85BC-D0AB48C06C33}
	EndGlobalSection
EndGlobal
